
Microsoft Visual Studio Solution File, Format Version 12.00
# Visual Studio Version 17
VisualStudioVersion = 17.10.34928.147
MinimumVisualStudioVersion = 10.0.40219.1
Project("{9A19103F-16F7-4668-BE54-9A1E7A4F7556}") = "gRPCStressTestingService", "gRPCStressTestingService\gRPCStressTestingService.csproj", "{B4A8F7B7-8DE8-405C-9054-DE611350E6C3}"
EndProject
Project("{9A19103F-16F7-4668-BE54-9A1E7A4F7556}") = "SharedCommonalities", "SharedCommonalities\SharedCommonalities.csproj", "{9D9706AE-DAE2-4D68-AA99-4BE8093D9644}"
EndProject
Project("{9A19103F-16F7-4668-BE54-9A1E7A4F7556}") = "GrpcTestingLimitationsClient", "GrpcTestingLimitationsClient\GrpcTestingLimitationsClient.csproj", "{DB24A8FD-98B2-4B46-BB2D-DDB9E138A66A}"
EndProject
Project("{9A19103F-16F7-4668-BE54-9A1E7A4F7556}") = "DelayCalculationWorkerService", "DelayCalculationWorkerService\DelayCalculationWorkerService.csproj", "{734B1531-AA4C-41DA-B8F9-5FD0DE713198}"
EndProject
Project("{9A19103F-16F7-4668-BE54-9A1E7A4F7556}") = "DbManagerWorkerService", "DbManagerWorkerService\DbManagerWorkerService.csproj", "{195F5A8B-EC96-49E7-AF65-7AEEE26D5707}"
EndProject
Project("{9A19103F-16F7-4668-BE54-9A1E7A4F7556}") = "ClientManagementWorkerService", "ClientManagementWorker\ClientManagementWorkerService.csproj", "{1151CCF8-02B4-4B4C-91FA-0FC7C3755BF1}"
EndProject
Project("{FAE04EC0-301F-11D3-BF4B-00C04F79EFBC}") = "ConfigurationStuff", "ConfigurationStuff\ConfigurationStuff.csproj", "{CAF9332A-1DE9-48F0-B586-B516B29E2DAA}"
EndProject
Global
	GlobalSection(SolutionConfigurationPlatforms) = preSolution
		Debug|Any CPU = Debug|Any CPU
		Release|Any CPU = Release|Any CPU
	EndGlobalSection
	GlobalSection(ProjectConfigurationPlatforms) = postSolution
		{B4A8F7B7-8DE8-405C-9054-DE611350E6C3}.Debug|Any CPU.ActiveCfg = Debug|Any CPU
		{B4A8F7B7-8DE8-405C-9054-DE611350E6C3}.Debug|Any CPU.Build.0 = Debug|Any CPU
		{B4A8F7B7-8DE8-405C-9054-DE611350E6C3}.Release|Any CPU.ActiveCfg = Release|Any CPU
		{B4A8F7B7-8DE8-405C-9054-DE611350E6C3}.Release|Any CPU.Build.0 = Release|Any CPU
		{9D9706AE-DAE2-4D68-AA99-4BE8093D9644}.Debug|Any CPU.ActiveCfg = Debug|Any CPU
		{9D9706AE-DAE2-4D68-AA99-4BE8093D9644}.Debug|Any CPU.Build.0 = Debug|Any CPU
		{9D9706AE-DAE2-4D68-AA99-4BE8093D9644}.Release|Any CPU.ActiveCfg = Release|Any CPU
		{9D9706AE-DAE2-4D68-AA99-4BE8093D9644}.Release|Any CPU.Build.0 = Release|Any CPU
		{DB24A8FD-98B2-4B46-BB2D-DDB9E138A66A}.Debug|Any CPU.ActiveCfg = Debug|Any CPU
		{DB24A8FD-98B2-4B46-BB2D-DDB9E138A66A}.Debug|Any CPU.Build.0 = Debug|Any CPU
		{DB24A8FD-98B2-4B46-BB2D-DDB9E138A66A}.Release|Any CPU.ActiveCfg = Release|Any CPU
		{DB24A8FD-98B2-4B46-BB2D-DDB9E138A66A}.Release|Any CPU.Build.0 = Release|Any CPU
		{734B1531-AA4C-41DA-B8F9-5FD0DE713198}.Debug|Any CPU.ActiveCfg = Debug|Any CPU
		{734B1531-AA4C-41DA-B8F9-5FD0DE713198}.Debug|Any CPU.Build.0 = Debug|Any CPU
		{734B1531-AA4C-41DA-B8F9-5FD0DE713198}.Release|Any CPU.ActiveCfg = Release|Any CPU
		{734B1531-AA4C-41DA-B8F9-5FD0DE713198}.Release|Any CPU.Build.0 = Release|Any CPU
		{195F5A8B-EC96-49E7-AF65-7AEEE26D5707}.Debug|Any CPU.ActiveCfg = Debug|Any CPU
		{195F5A8B-EC96-49E7-AF65-7AEEE26D5707}.Debug|Any CPU.Build.0 = Debug|Any CPU
		{195F5A8B-EC96-49E7-AF65-7AEEE26D5707}.Release|Any CPU.ActiveCfg = Release|Any CPU
		{195F5A8B-EC96-49E7-AF65-7AEEE26D5707}.Release|Any CPU.Build.0 = Release|Any CPU
		{1151CCF8-02B4-4B4C-91FA-0FC7C3755BF1}.Debug|Any CPU.ActiveCfg = Debug|Any CPU
		{1151CCF8-02B4-4B4C-91FA-0FC7C3755BF1}.Debug|Any CPU.Build.0 = Debug|Any CPU
		{1151CCF8-02B4-4B4C-91FA-0FC7C3755BF1}.Release|Any CPU.ActiveCfg = Release|Any CPU
		{1151CCF8-02B4-4B4C-91FA-0FC7C3755BF1}.Release|Any CPU.Build.0 = Release|Any CPU
		{CAF9332A-1DE9-48F0-B586-B516B29E2DAA}.Debug|Any CPU.ActiveCfg = Debug|Any CPU
		{CAF9332A-1DE9-48F0-B586-B516B29E2DAA}.Debug|Any CPU.Build.0 = Debug|Any CPU
		{CAF9332A-1DE9-48F0-B586-B516B29E2DAA}.Release|Any CPU.ActiveCfg = Release|Any CPU
		{CAF9332A-1DE9-48F0-B586-B516B29E2DAA}.Release|Any CPU.Build.0 = Release|Any CPU
	EndGlobalSection
	GlobalSection(SolutionProperties) = preSolution
		HideSolutionNode = FALSE
	EndGlobalSection
	GlobalSection(ExtensibilityGlobals) = postSolution
		SolutionGuid = {7E99C2AC-FEC3-4ADE-9F70-3F32E78E9CA0}
	EndGlobalSection
EndGlobal
